
Microsoft Visual Studio Solution File, Format Version 12.00
# Visual Studio Version 17
VisualStudioVersion = 17.0.31903.59
MinimumVisualStudioVersion = 10.0.40219.1
Project("{FAE04EC0-301F-11D3-BF4B-00C04F79EFBC}") = "SkillSystem.WebApi", "SkillSystem.WebApi\SkillSystem.WebApi.csproj", "{639AE6E4-2CDF-4B5C-93A7-2877FE186A56}"
EndProject
Project("{FAE04EC0-301F-11D3-BF4B-00C04F79EFBC}") = "SkillSystem.IdentityServer4", "SkillSystem.IdentityServer4\SkillSystem.IdentityServer4.csproj", "{BA55759D-775A-43C1-BAF6-520439B3C0B9}"
EndProject
Project("{FAE04EC0-301F-11D3-BF4B-00C04F79EFBC}") = "SkillSystem.Core", "SkillSystem.Core\SkillSystem.Core.csproj", "{47C944FD-1AB6-46AF-BCBF-4039D6FAE68E}"
EndProject
Project("{FAE04EC0-301F-11D3-BF4B-00C04F79EFBC}") = "SkillSystem.Infrastructure", "SkillSystem.Infrastructure\SkillSystem.Infrastructure.csproj", "{791CC421-4A01-4065-9DE4-7E2ED9C7DF7D}"
EndProject
Project("{FAE04EC0-301F-11D3-BF4B-00C04F79EFBC}") = "SkillSystem.Application", "SkillSystem.Application\SkillSystem.Application.csproj", "{CBE89A7C-4010-4D03-8D04-C297535DD096}"
EndProject
Project("{FAE04EC0-301F-11D3-BF4B-00C04F79EFBC}") = "SkillSystem.IdentityServer4.Client", "SkillSystem.IdentityServer4.Client\SkillSystem.IdentityServer4.Client.csproj", "{3762AE46-F8F8-4409-BD6B-E1C49D38CC3C}"
EndProject
Project("{FAE04EC0-301F-11D3-BF4B-00C04F79EFBC}") = "SkillSystem.FuncTests", "SkillSystem.FuncTests\SkillSystem.FuncTests.csproj", "{2625ED86-1960-4603-ADC2-3462EF9F5D95}"
EndProject
Project("{FAE04EC0-301F-11D3-BF4B-00C04F79EFBC}") = "SkillSystem.Client", "SkillSystem.Client\SkillSystem.Client.csproj", "{FB34BC3E-1F20-4641-B934-5ACA275F862C}"
EndProject
Project("{FAE04EC0-301F-11D3-BF4B-00C04F79EFBC}") = "SkillSystem.Client.Core", "SkillSystem.Client.Core\SkillSystem.Client.Core.csproj", "{8F307D01-5AE5-4D47-ABB0-6EAFE42F04B0}"
EndProject
Project("{FAE04EC0-301F-11D3-BF4B-00C04F79EFBC}") = "SkillSystem.Core.Models", "SkillSystem.Core.Models\SkillSystem.Core.Models.csproj", "{55675502-CA37-4D5C-B96E-CA4801402EA4}"
EndProject
Global
	GlobalSection(SolutionConfigurationPlatforms) = preSolution
		Debug|Any CPU = Debug|Any CPU
		Release|Any CPU = Release|Any CPU
	EndGlobalSection
	GlobalSection(SolutionProperties) = preSolution
		HideSolutionNode = FALSE
	EndGlobalSection
	GlobalSection(ProjectConfigurationPlatforms) = postSolution
		{639AE6E4-2CDF-4B5C-93A7-2877FE186A56}.Debug|Any CPU.ActiveCfg = Debug|Any CPU
		{639AE6E4-2CDF-4B5C-93A7-2877FE186A56}.Debug|Any CPU.Build.0 = Debug|Any CPU
		{639AE6E4-2CDF-4B5C-93A7-2877FE186A56}.Release|Any CPU.ActiveCfg = Release|Any CPU
		{639AE6E4-2CDF-4B5C-93A7-2877FE186A56}.Release|Any CPU.Build.0 = Release|Any CPU
		{BA55759D-775A-43C1-BAF6-520439B3C0B9}.Debug|Any CPU.ActiveCfg = Debug|Any CPU
		{BA55759D-775A-43C1-BAF6-520439B3C0B9}.Debug|Any CPU.Build.0 = Debug|Any CPU
		{BA55759D-775A-43C1-BAF6-520439B3C0B9}.Release|Any CPU.ActiveCfg = Release|Any CPU
		{BA55759D-775A-43C1-BAF6-520439B3C0B9}.Release|Any CPU.Build.0 = Release|Any CPU
		{47C944FD-1AB6-46AF-BCBF-4039D6FAE68E}.Debug|Any CPU.ActiveCfg = Debug|Any CPU
		{47C944FD-1AB6-46AF-BCBF-4039D6FAE68E}.Debug|Any CPU.Build.0 = Debug|Any CPU
		{47C944FD-1AB6-46AF-BCBF-4039D6FAE68E}.Release|Any CPU.ActiveCfg = Release|Any CPU
		{47C944FD-1AB6-46AF-BCBF-4039D6FAE68E}.Release|Any CPU.Build.0 = Release|Any CPU
		{791CC421-4A01-4065-9DE4-7E2ED9C7DF7D}.Debug|Any CPU.ActiveCfg = Debug|Any CPU
		{791CC421-4A01-4065-9DE4-7E2ED9C7DF7D}.Debug|Any CPU.Build.0 = Debug|Any CPU
		{791CC421-4A01-4065-9DE4-7E2ED9C7DF7D}.Release|Any CPU.ActiveCfg = Release|Any CPU
		{791CC421-4A01-4065-9DE4-7E2ED9C7DF7D}.Release|Any CPU.Build.0 = Release|Any CPU
		{CBE89A7C-4010-4D03-8D04-C297535DD096}.Debug|Any CPU.ActiveCfg = Debug|Any CPU
		{CBE89A7C-4010-4D03-8D04-C297535DD096}.Debug|Any CPU.Build.0 = Debug|Any CPU
		{CBE89A7C-4010-4D03-8D04-C297535DD096}.Release|Any CPU.ActiveCfg = Release|Any CPU
		{CBE89A7C-4010-4D03-8D04-C297535DD096}.Release|Any CPU.Build.0 = Release|Any CPU
		{3762AE46-F8F8-4409-BD6B-E1C49D38CC3C}.Debug|Any CPU.ActiveCfg = Debug|Any CPU
		{3762AE46-F8F8-4409-BD6B-E1C49D38CC3C}.Debug|Any CPU.Build.0 = Debug|Any CPU
		{3762AE46-F8F8-4409-BD6B-E1C49D38CC3C}.Release|Any CPU.ActiveCfg = Release|Any CPU
		{3762AE46-F8F8-4409-BD6B-E1C49D38CC3C}.Release|Any CPU.Build.0 = Release|Any CPU
		{2625ED86-1960-4603-ADC2-3462EF9F5D95}.Debug|Any CPU.ActiveCfg = Debug|Any CPU
		{2625ED86-1960-4603-ADC2-3462EF9F5D95}.Debug|Any CPU.Build.0 = Debug|Any CPU
		{2625ED86-1960-4603-ADC2-3462EF9F5D95}.Release|Any CPU.ActiveCfg = Release|Any CPU
		{2625ED86-1960-4603-ADC2-3462EF9F5D95}.Release|Any CPU.Build.0 = Release|Any CPU
		{FB34BC3E-1F20-4641-B934-5ACA275F862C}.Debug|Any CPU.ActiveCfg = Debug|Any CPU
		{FB34BC3E-1F20-4641-B934-5ACA275F862C}.Debug|Any CPU.Build.0 = Debug|Any CPU
		{FB34BC3E-1F20-4641-B934-5ACA275F862C}.Release|Any CPU.ActiveCfg = Release|Any CPU
		{FB34BC3E-1F20-4641-B934-5ACA275F862C}.Release|Any CPU.Build.0 = Release|Any CPU
		{8F307D01-5AE5-4D47-ABB0-6EAFE42F04B0}.Debug|Any CPU.ActiveCfg = Debug|Any CPU
		{8F307D01-5AE5-4D47-ABB0-6EAFE42F04B0}.Debug|Any CPU.Build.0 = Debug|Any CPU
		{8F307D01-5AE5-4D47-ABB0-6EAFE42F04B0}.Release|Any CPU.ActiveCfg = Release|Any CPU
		{8F307D01-5AE5-4D47-ABB0-6EAFE42F04B0}.Release|Any CPU.Build.0 = Release|Any CPU
		{55675502-CA37-4D5C-B96E-CA4801402EA4}.Debug|Any CPU.ActiveCfg = Debug|Any CPU
		{55675502-CA37-4D5C-B96E-CA4801402EA4}.Debug|Any CPU.Build.0 = Debug|Any CPU
		{55675502-CA37-4D5C-B96E-CA4801402EA4}.Release|Any CPU.ActiveCfg = Release|Any CPU
		{55675502-CA37-4D5C-B96E-CA4801402EA4}.Release|Any CPU.Build.0 = Release|Any CPU
	EndGlobalSection
EndGlobal
